
Microsoft Visual Studio Solution File, Format Version 12.00
# Visual Studio 15
VisualStudioVersion = 15.0.27004.2005
MinimumVisualStudioVersion = 10.0.40219.1
Project("{F184B08F-C81C-45F6-A57F-5ABD9991F28F}") = "KEGGdraw", "KEGGdraw\KEGGdraw.vbproj", "{2FD54B9F-97BC-4254-9111-544CC85C41B1}"
EndProject
Project("{F184B08F-C81C-45F6-A57F-5ABD9991F28F}") = "+Microsoft.VisualBasic.Architecture.Framework", "..\..\GCModeller\src\runtime\sciBASIC#\Microsoft.VisualBasic.Architecture.Framework\+Microsoft.VisualBasic.Architecture.Framework.vbproj", "{FECCE1FD-E1D4-49E3-A668-60BB5E7AED99}"
EndProject
Project("{2150E333-8FDC-42A3-9474-1A3956D46DE8}") = "runtime", "runtime", "{DD31D6FD-47DE-4900-B29D-D7C1AFBA1DCE}"
EndProject
Project("{F184B08F-C81C-45F6-A57F-5ABD9991F28F}") = "math-core", "..\..\GCModeller\src\runtime\sciBASIC#\Data_science\Mathematica\Math\Math\math-core.vbproj", "{E3367B88-5D0C-495A-8273-331656D4B5AA}"
EndProject
Project("{F184B08F-C81C-45F6-A57F-5ABD9991F28F}") = "MIME-htmls", "..\..\GCModeller\src\runtime\sciBASIC#\mime\text%html\MIME-htmls.vbproj", "{2DD4BE80-DDC3-4767-94A7-10F1C3395716}"
EndProject
Project("{F184B08F-C81C-45F6-A57F-5ABD9991F28F}") = "Microsoft.VisualBasic.Imaging", "..\..\GCModeller\src\runtime\sciBASIC#\gr\Microsoft.VisualBasic.Imaging\Microsoft.VisualBasic.Imaging.vbproj", "{85E71B4B-9276-4EC8-AADC-C849205F1EA8}"
EndProject
Project("{2150E333-8FDC-42A3-9474-1A3956D46DE8}") = "sciBASIC", "sciBASIC", "{1E2150B3-786A-4AB1-9996-98B1ABEDEE6D}"
EndProject
Project("{F184B08F-C81C-45F6-A57F-5ABD9991F28F}") = "KCF.Graph", "KCF.Graph\KCF.Graph.vbproj", "{C60416D4-B3E2-45E5-BFE0-90D5021647F9}"
EndProject
Project("{F184B08F-C81C-45F6-A57F-5ABD9991F28F}") = "Graph", "..\..\GCModeller\src\runtime\sciBASIC#\Data_science\Graph\Graph.vbproj", "{203BC68F-A0CD-443A-AB62-4AF4110F752F}"
EndProject
Project("{F184B08F-C81C-45F6-A57F-5ABD9991F28F}") = "Network.GraphTheory", "..\..\GCModeller\src\runtime\sciBASIC#\gr\Datavisualization.Network\Datavisualization.Network\Network.GraphTheory.vbproj", "{076315EE-B598-40DC-9280-C71CDF9B6A48}"
EndProject
Project("{F184B08F-C81C-45F6-A57F-5ABD9991F28F}") = "+VB_DataFrame", "..\..\GCModeller\src\runtime\sciBASIC#\Data\DataFrame\+VB_DataFrame.vbproj", "{7283C179-F852-4EAD-8D8F-B82EF2CBD7DB}"
EndProject
Project("{F184B08F-C81C-45F6-A57F-5ABD9991F28F}") = "KCF.IO", "KCF.IO\KCF.IO.vbproj", "{1BAFA2BC-68B2-4EE0-9235-C60FAE3377A0}"
EndProject
Project("{F184B08F-C81C-45F6-A57F-5ABD9991F28F}") = "test", "test\test.vbproj", "{F859DF8B-E1BA-4608-B65D-25A2BFFD446E}"
EndProject
Global
	GlobalSection(SolutionConfigurationPlatforms) = preSolution
		Biodeep|Any CPU = Biodeep|Any CPU
		Biodeep|x64 = Biodeep|x64
		Biodeep|x86 = Biodeep|x86
		Debug|Any CPU = Debug|Any CPU
		Debug|x64 = Debug|x64
		Debug|x86 = Debug|x86
		DEMO|Any CPU = DEMO|Any CPU
		DEMO|x64 = DEMO|x64
		DEMO|x86 = DEMO|x86
		docs|Any CPU = docs|Any CPU
		docs|x64 = docs|x64
		docs|x86 = docs|x86
		GCModeller(Release_X64)|Any CPU = GCModeller(Release_X64)|Any CPU
		GCModeller(Release_X64)|x64 = GCModeller(Release_X64)|x64
		GCModeller(Release_X64)|x86 = GCModeller(Release_X64)|x86
		installer_x64|Any CPU = installer_x64|Any CPU
		installer_x64|x64 = installer_x64|x64
		installer_x64|x86 = installer_x64|x86
		Publish|Any CPU = Publish|Any CPU
		Publish|x64 = Publish|x64
		Publish|x86 = Publish|x86
		Release|Any CPU = Release|Any CPU
		Release|x64 = Release|x64
		Release|x86 = Release|x86
		Release2|Any CPU = Release2|Any CPU
		Release2|x64 = Release2|x64
		Release2|x86 = Release2|x86
	EndGlobalSection
	GlobalSection(ProjectConfigurationPlatforms) = postSolution
		{2FD54B9F-97BC-4254-9111-544CC85C41B1}.Biodeep|Any CPU.ActiveCfg = Release|Any CPU
		{2FD54B9F-97BC-4254-9111-544CC85C41B1}.Biodeep|Any CPU.Build.0 = Release|Any CPU
		{2FD54B9F-97BC-4254-9111-544CC85C41B1}.Biodeep|x64.ActiveCfg = Release|x64
		{2FD54B9F-97BC-4254-9111-544CC85C41B1}.Biodeep|x64.Build.0 = Release|x64
		{2FD54B9F-97BC-4254-9111-544CC85C41B1}.Biodeep|x86.ActiveCfg = Release|Any CPU
		{2FD54B9F-97BC-4254-9111-544CC85C41B1}.Biodeep|x86.Build.0 = Release|Any CPU
		{2FD54B9F-97BC-4254-9111-544CC85C41B1}.Debug|Any CPU.ActiveCfg = Debug|Any CPU
		{2FD54B9F-97BC-4254-9111-544CC85C41B1}.Debug|Any CPU.Build.0 = Debug|Any CPU
		{2FD54B9F-97BC-4254-9111-544CC85C41B1}.Debug|x64.ActiveCfg = Debug|x64
		{2FD54B9F-97BC-4254-9111-544CC85C41B1}.Debug|x64.Build.0 = Debug|x64
		{2FD54B9F-97BC-4254-9111-544CC85C41B1}.Debug|x86.ActiveCfg = Debug|Any CPU
		{2FD54B9F-97BC-4254-9111-544CC85C41B1}.Debug|x86.Build.0 = Debug|Any CPU
		{2FD54B9F-97BC-4254-9111-544CC85C41B1}.DEMO|Any CPU.ActiveCfg = Debug|Any CPU
		{2FD54B9F-97BC-4254-9111-544CC85C41B1}.DEMO|Any CPU.Build.0 = Debug|Any CPU
		{2FD54B9F-97BC-4254-9111-544CC85C41B1}.DEMO|x64.ActiveCfg = Debug|Any CPU
		{2FD54B9F-97BC-4254-9111-544CC85C41B1}.DEMO|x64.Build.0 = Debug|Any CPU
		{2FD54B9F-97BC-4254-9111-544CC85C41B1}.DEMO|x86.ActiveCfg = Debug|Any CPU
		{2FD54B9F-97BC-4254-9111-544CC85C41B1}.DEMO|x86.Build.0 = Debug|Any CPU
		{2FD54B9F-97BC-4254-9111-544CC85C41B1}.docs|Any CPU.ActiveCfg = Debug|Any CPU
		{2FD54B9F-97BC-4254-9111-544CC85C41B1}.docs|Any CPU.Build.0 = Debug|Any CPU
		{2FD54B9F-97BC-4254-9111-544CC85C41B1}.docs|x64.ActiveCfg = Debug|Any CPU
		{2FD54B9F-97BC-4254-9111-544CC85C41B1}.docs|x64.Build.0 = Debug|Any CPU
		{2FD54B9F-97BC-4254-9111-544CC85C41B1}.docs|x86.ActiveCfg = Debug|Any CPU
		{2FD54B9F-97BC-4254-9111-544CC85C41B1}.docs|x86.Build.0 = Debug|Any CPU
		{2FD54B9F-97BC-4254-9111-544CC85C41B1}.GCModeller(Release_X64)|Any CPU.ActiveCfg = Release|Any CPU
		{2FD54B9F-97BC-4254-9111-544CC85C41B1}.GCModeller(Release_X64)|Any CPU.Build.0 = Release|Any CPU
		{2FD54B9F-97BC-4254-9111-544CC85C41B1}.GCModeller(Release_X64)|x64.ActiveCfg = Release|x64
		{2FD54B9F-97BC-4254-9111-544CC85C41B1}.GCModeller(Release_X64)|x64.Build.0 = Release|x64
		{2FD54B9F-97BC-4254-9111-544CC85C41B1}.GCModeller(Release_X64)|x86.ActiveCfg = Release|Any CPU
		{2FD54B9F-97BC-4254-9111-544CC85C41B1}.GCModeller(Release_X64)|x86.Build.0 = Release|Any CPU
		{2FD54B9F-97BC-4254-9111-544CC85C41B1}.installer_x64|Any CPU.ActiveCfg = Release|Any CPU
		{2FD54B9F-97BC-4254-9111-544CC85C41B1}.installer_x64|Any CPU.Build.0 = Release|Any CPU
		{2FD54B9F-97BC-4254-9111-544CC85C41B1}.installer_x64|x64.ActiveCfg = Release|x64
		{2FD54B9F-97BC-4254-9111-544CC85C41B1}.installer_x64|x64.Build.0 = Release|x64
		{2FD54B9F-97BC-4254-9111-544CC85C41B1}.installer_x64|x86.ActiveCfg = Release|Any CPU
		{2FD54B9F-97BC-4254-9111-544CC85C41B1}.installer_x64|x86.Build.0 = Release|Any CPU
		{2FD54B9F-97BC-4254-9111-544CC85C41B1}.Publish|Any CPU.ActiveCfg = Release|Any CPU
		{2FD54B9F-97BC-4254-9111-544CC85C41B1}.Publish|Any CPU.Build.0 = Release|Any CPU
		{2FD54B9F-97BC-4254-9111-544CC85C41B1}.Publish|x64.ActiveCfg = Release|Any CPU
		{2FD54B9F-97BC-4254-9111-544CC85C41B1}.Publish|x64.Build.0 = Release|Any CPU
		{2FD54B9F-97BC-4254-9111-544CC85C41B1}.Publish|x86.ActiveCfg = Release|Any CPU
		{2FD54B9F-97BC-4254-9111-544CC85C41B1}.Publish|x86.Build.0 = Release|Any CPU
		{2FD54B9F-97BC-4254-9111-544CC85C41B1}.Release|Any CPU.ActiveCfg = Release|Any CPU
		{2FD54B9F-97BC-4254-9111-544CC85C41B1}.Release|Any CPU.Build.0 = Release|Any CPU
		{2FD54B9F-97BC-4254-9111-544CC85C41B1}.Release|x64.ActiveCfg = Release|x64
		{2FD54B9F-97BC-4254-9111-544CC85C41B1}.Release|x64.Build.0 = Release|x64
		{2FD54B9F-97BC-4254-9111-544CC85C41B1}.Release|x86.ActiveCfg = Release|Any CPU
		{2FD54B9F-97BC-4254-9111-544CC85C41B1}.Release|x86.Build.0 = Release|Any CPU
		{2FD54B9F-97BC-4254-9111-544CC85C41B1}.Release2|Any CPU.ActiveCfg = Release|Any CPU
		{2FD54B9F-97BC-4254-9111-544CC85C41B1}.Release2|Any CPU.Build.0 = Release|Any CPU
		{2FD54B9F-97BC-4254-9111-544CC85C41B1}.Release2|x64.ActiveCfg = Release|Any CPU
		{2FD54B9F-97BC-4254-9111-544CC85C41B1}.Release2|x64.Build.0 = Release|Any CPU
		{2FD54B9F-97BC-4254-9111-544CC85C41B1}.Release2|x86.ActiveCfg = Release|Any CPU
		{2FD54B9F-97BC-4254-9111-544CC85C41B1}.Release2|x86.Build.0 = Release|Any CPU
		{FECCE1FD-E1D4-49E3-A668-60BB5E7AED99}.Biodeep|Any CPU.ActiveCfg = Biodeep|Any CPU
		{FECCE1FD-E1D4-49E3-A668-60BB5E7AED99}.Biodeep|Any CPU.Build.0 = Biodeep|Any CPU
		{FECCE1FD-E1D4-49E3-A668-60BB5E7AED99}.Biodeep|x64.ActiveCfg = Biodeep|x64
		{FECCE1FD-E1D4-49E3-A668-60BB5E7AED99}.Biodeep|x64.Build.0 = Biodeep|x64
		{FECCE1FD-E1D4-49E3-A668-60BB5E7AED99}.Biodeep|x86.ActiveCfg = Biodeep|x86
		{FECCE1FD-E1D4-49E3-A668-60BB5E7AED99}.Biodeep|x86.Build.0 = Biodeep|x86
		{FECCE1FD-E1D4-49E3-A668-60BB5E7AED99}.Debug|Any CPU.ActiveCfg = Debug|Any CPU
		{FECCE1FD-E1D4-49E3-A668-60BB5E7AED99}.Debug|Any CPU.Build.0 = Debug|Any CPU
		{FECCE1FD-E1D4-49E3-A668-60BB5E7AED99}.Debug|x64.ActiveCfg = Debug|x64
		{FECCE1FD-E1D4-49E3-A668-60BB5E7AED99}.Debug|x64.Build.0 = Debug|x64
		{FECCE1FD-E1D4-49E3-A668-60BB5E7AED99}.Debug|x86.ActiveCfg = Debug|x86
		{FECCE1FD-E1D4-49E3-A668-60BB5E7AED99}.Debug|x86.Build.0 = Debug|x86
		{FECCE1FD-E1D4-49E3-A668-60BB5E7AED99}.DEMO|Any CPU.ActiveCfg = DEMO|Any CPU
		{FECCE1FD-E1D4-49E3-A668-60BB5E7AED99}.DEMO|Any CPU.Build.0 = DEMO|Any CPU
		{FECCE1FD-E1D4-49E3-A668-60BB5E7AED99}.DEMO|x64.ActiveCfg = DEMO|x64
		{FECCE1FD-E1D4-49E3-A668-60BB5E7AED99}.DEMO|x64.Build.0 = DEMO|x64
		{FECCE1FD-E1D4-49E3-A668-60BB5E7AED99}.DEMO|x86.ActiveCfg = DEMO|x86
		{FECCE1FD-E1D4-49E3-A668-60BB5E7AED99}.DEMO|x86.Build.0 = DEMO|x86
		{FECCE1FD-E1D4-49E3-A668-60BB5E7AED99}.docs|Any CPU.ActiveCfg = docs|Any CPU
		{FECCE1FD-E1D4-49E3-A668-60BB5E7AED99}.docs|Any CPU.Build.0 = docs|Any CPU
		{FECCE1FD-E1D4-49E3-A668-60BB5E7AED99}.docs|x64.ActiveCfg = docs|x64
		{FECCE1FD-E1D4-49E3-A668-60BB5E7AED99}.docs|x64.Build.0 = docs|x64
		{FECCE1FD-E1D4-49E3-A668-60BB5E7AED99}.docs|x86.ActiveCfg = docs|x86
		{FECCE1FD-E1D4-49E3-A668-60BB5E7AED99}.docs|x86.Build.0 = docs|x86
		{FECCE1FD-E1D4-49E3-A668-60BB5E7AED99}.GCModeller(Release_X64)|Any CPU.ActiveCfg = GCModeller(Release_X64)|Any CPU
		{FECCE1FD-E1D4-49E3-A668-60BB5E7AED99}.GCModeller(Release_X64)|Any CPU.Build.0 = GCModeller(Release_X64)|Any CPU
		{FECCE1FD-E1D4-49E3-A668-60BB5E7AED99}.GCModeller(Release_X64)|x64.ActiveCfg = GCModeller(Release_X64)|x64
		{FECCE1FD-E1D4-49E3-A668-60BB5E7AED99}.GCModeller(Release_X64)|x64.Build.0 = GCModeller(Release_X64)|x64
		{FECCE1FD-E1D4-49E3-A668-60BB5E7AED99}.GCModeller(Release_X64)|x86.ActiveCfg = GCModeller(Release_X64)|x86
		{FECCE1FD-E1D4-49E3-A668-60BB5E7AED99}.GCModeller(Release_X64)|x86.Build.0 = GCModeller(Release_X64)|x86
		{FECCE1FD-E1D4-49E3-A668-60BB5E7AED99}.installer_x64|Any CPU.ActiveCfg = installer_x64|Any CPU
		{FECCE1FD-E1D4-49E3-A668-60BB5E7AED99}.installer_x64|Any CPU.Build.0 = installer_x64|Any CPU
		{FECCE1FD-E1D4-49E3-A668-60BB5E7AED99}.installer_x64|x64.ActiveCfg = installer_x64|x64
		{FECCE1FD-E1D4-49E3-A668-60BB5E7AED99}.installer_x64|x64.Build.0 = installer_x64|x64
		{FECCE1FD-E1D4-49E3-A668-60BB5E7AED99}.installer_x64|x86.ActiveCfg = installer_x64|x86
		{FECCE1FD-E1D4-49E3-A668-60BB5E7AED99}.installer_x64|x86.Build.0 = installer_x64|x86
		{FECCE1FD-E1D4-49E3-A668-60BB5E7AED99}.Publish|Any CPU.ActiveCfg = Publish|Any CPU
		{FECCE1FD-E1D4-49E3-A668-60BB5E7AED99}.Publish|Any CPU.Build.0 = Publish|Any CPU
		{FECCE1FD-E1D4-49E3-A668-60BB5E7AED99}.Publish|x64.ActiveCfg = Publish|x64
		{FECCE1FD-E1D4-49E3-A668-60BB5E7AED99}.Publish|x64.Build.0 = Publish|x64
		{FECCE1FD-E1D4-49E3-A668-60BB5E7AED99}.Publish|x86.ActiveCfg = Publish|x86
		{FECCE1FD-E1D4-49E3-A668-60BB5E7AED99}.Publish|x86.Build.0 = Publish|x86
		{FECCE1FD-E1D4-49E3-A668-60BB5E7AED99}.Release|Any CPU.ActiveCfg = Release|Any CPU
		{FECCE1FD-E1D4-49E3-A668-60BB5E7AED99}.Release|Any CPU.Build.0 = Release|Any CPU
		{FECCE1FD-E1D4-49E3-A668-60BB5E7AED99}.Release|x64.ActiveCfg = Release|x64
		{FECCE1FD-E1D4-49E3-A668-60BB5E7AED99}.Release|x64.Build.0 = Release|x64
		{FECCE1FD-E1D4-49E3-A668-60BB5E7AED99}.Release|x86.ActiveCfg = Release|x86
		{FECCE1FD-E1D4-49E3-A668-60BB5E7AED99}.Release|x86.Build.0 = Release|x86
		{FECCE1FD-E1D4-49E3-A668-60BB5E7AED99}.Release2|Any CPU.ActiveCfg = Release2|Any CPU
		{FECCE1FD-E1D4-49E3-A668-60BB5E7AED99}.Release2|Any CPU.Build.0 = Release2|Any CPU
		{FECCE1FD-E1D4-49E3-A668-60BB5E7AED99}.Release2|x64.ActiveCfg = Release2|x64
		{FECCE1FD-E1D4-49E3-A668-60BB5E7AED99}.Release2|x64.Build.0 = Release2|x64
		{FECCE1FD-E1D4-49E3-A668-60BB5E7AED99}.Release2|x86.ActiveCfg = Release2|x86
		{FECCE1FD-E1D4-49E3-A668-60BB5E7AED99}.Release2|x86.Build.0 = Release2|x86
		{E3367B88-5D0C-495A-8273-331656D4B5AA}.Biodeep|Any CPU.ActiveCfg = Biodeep|Any CPU
		{E3367B88-5D0C-495A-8273-331656D4B5AA}.Biodeep|Any CPU.Build.0 = Biodeep|Any CPU
		{E3367B88-5D0C-495A-8273-331656D4B5AA}.Biodeep|x64.ActiveCfg = Biodeep|x64
		{E3367B88-5D0C-495A-8273-331656D4B5AA}.Biodeep|x64.Build.0 = Biodeep|x64
		{E3367B88-5D0C-495A-8273-331656D4B5AA}.Biodeep|x86.ActiveCfg = Biodeep|x86
		{E3367B88-5D0C-495A-8273-331656D4B5AA}.Biodeep|x86.Build.0 = Biodeep|x86
		{E3367B88-5D0C-495A-8273-331656D4B5AA}.Debug|Any CPU.ActiveCfg = Debug|Any CPU
		{E3367B88-5D0C-495A-8273-331656D4B5AA}.Debug|Any CPU.Build.0 = Debug|Any CPU
		{E3367B88-5D0C-495A-8273-331656D4B5AA}.Debug|x64.ActiveCfg = Debug|x64
		{E3367B88-5D0C-495A-8273-331656D4B5AA}.Debug|x64.Build.0 = Debug|x64
		{E3367B88-5D0C-495A-8273-331656D4B5AA}.Debug|x86.ActiveCfg = Debug|x86
		{E3367B88-5D0C-495A-8273-331656D4B5AA}.Debug|x86.Build.0 = Debug|x86
		{E3367B88-5D0C-495A-8273-331656D4B5AA}.DEMO|Any CPU.ActiveCfg = Debug|Any CPU
		{E3367B88-5D0C-495A-8273-331656D4B5AA}.DEMO|Any CPU.Build.0 = Debug|Any CPU
		{E3367B88-5D0C-495A-8273-331656D4B5AA}.DEMO|x64.ActiveCfg = Debug|x64
		{E3367B88-5D0C-495A-8273-331656D4B5AA}.DEMO|x64.Build.0 = Debug|x64
		{E3367B88-5D0C-495A-8273-331656D4B5AA}.DEMO|x86.ActiveCfg = Debug|x86
		{E3367B88-5D0C-495A-8273-331656D4B5AA}.DEMO|x86.Build.0 = Debug|x86
		{E3367B88-5D0C-495A-8273-331656D4B5AA}.docs|Any CPU.ActiveCfg = docs|Any CPU
		{E3367B88-5D0C-495A-8273-331656D4B5AA}.docs|Any CPU.Build.0 = docs|Any CPU
		{E3367B88-5D0C-495A-8273-331656D4B5AA}.docs|x64.ActiveCfg = docs|x64
		{E3367B88-5D0C-495A-8273-331656D4B5AA}.docs|x64.Build.0 = docs|x64
		{E3367B88-5D0C-495A-8273-331656D4B5AA}.docs|x86.ActiveCfg = docs|x86
		{E3367B88-5D0C-495A-8273-331656D4B5AA}.docs|x86.Build.0 = docs|x86
		{E3367B88-5D0C-495A-8273-331656D4B5AA}.GCModeller(Release_X64)|Any CPU.ActiveCfg = GCModeller(Release_X64)|Any CPU
		{E3367B88-5D0C-495A-8273-331656D4B5AA}.GCModeller(Release_X64)|Any CPU.Build.0 = GCModeller(Release_X64)|Any CPU
		{E3367B88-5D0C-495A-8273-331656D4B5AA}.GCModeller(Release_X64)|x64.ActiveCfg = GCModeller(Release_X64)|x64
		{E3367B88-5D0C-495A-8273-331656D4B5AA}.GCModeller(Release_X64)|x64.Build.0 = GCModeller(Release_X64)|x64
		{E3367B88-5D0C-495A-8273-331656D4B5AA}.GCModeller(Release_X64)|x86.ActiveCfg = GCModeller(Release_X64)|x86
		{E3367B88-5D0C-495A-8273-331656D4B5AA}.GCModeller(Release_X64)|x86.Build.0 = GCModeller(Release_X64)|x86
		{E3367B88-5D0C-495A-8273-331656D4B5AA}.installer_x64|Any CPU.ActiveCfg = installer_x64|Any CPU
		{E3367B88-5D0C-495A-8273-331656D4B5AA}.installer_x64|Any CPU.Build.0 = installer_x64|Any CPU
		{E3367B88-5D0C-495A-8273-331656D4B5AA}.installer_x64|x64.ActiveCfg = installer_x64|x64
		{E3367B88-5D0C-495A-8273-331656D4B5AA}.installer_x64|x64.Build.0 = installer_x64|x64
		{E3367B88-5D0C-495A-8273-331656D4B5AA}.installer_x64|x86.ActiveCfg = installer_x64|x86
		{E3367B88-5D0C-495A-8273-331656D4B5AA}.installer_x64|x86.Build.0 = installer_x64|x86
		{E3367B88-5D0C-495A-8273-331656D4B5AA}.Publish|Any CPU.ActiveCfg = Publish|Any CPU
		{E3367B88-5D0C-495A-8273-331656D4B5AA}.Publish|Any CPU.Build.0 = Publish|Any CPU
		{E3367B88-5D0C-495A-8273-331656D4B5AA}.Publish|x64.ActiveCfg = Publish|x64
		{E3367B88-5D0C-495A-8273-331656D4B5AA}.Publish|x64.Build.0 = Publish|x64
		{E3367B88-5D0C-495A-8273-331656D4B5AA}.Publish|x86.ActiveCfg = Publish|x86
		{E3367B88-5D0C-495A-8273-331656D4B5AA}.Publish|x86.Build.0 = Publish|x86
		{E3367B88-5D0C-495A-8273-331656D4B5AA}.Release|Any CPU.ActiveCfg = Release|Any CPU
		{E3367B88-5D0C-495A-8273-331656D4B5AA}.Release|Any CPU.Build.0 = Release|Any CPU
		{E3367B88-5D0C-495A-8273-331656D4B5AA}.Release|x64.ActiveCfg = Release|x64
		{E3367B88-5D0C-495A-8273-331656D4B5AA}.Release|x64.Build.0 = Release|x64
		{E3367B88-5D0C-495A-8273-331656D4B5AA}.Release|x86.ActiveCfg = Release|x86
		{E3367B88-5D0C-495A-8273-331656D4B5AA}.Release|x86.Build.0 = Release|x86
		{E3367B88-5D0C-495A-8273-331656D4B5AA}.Release2|Any CPU.ActiveCfg = Release2|Any CPU
		{E3367B88-5D0C-495A-8273-331656D4B5AA}.Release2|Any CPU.Build.0 = Release2|Any CPU
		{E3367B88-5D0C-495A-8273-331656D4B5AA}.Release2|x64.ActiveCfg = Release2|x64
		{E3367B88-5D0C-495A-8273-331656D4B5AA}.Release2|x64.Build.0 = Release2|x64
		{E3367B88-5D0C-495A-8273-331656D4B5AA}.Release2|x86.ActiveCfg = Release2|x86
		{E3367B88-5D0C-495A-8273-331656D4B5AA}.Release2|x86.Build.0 = Release2|x86
		{2DD4BE80-DDC3-4767-94A7-10F1C3395716}.Biodeep|Any CPU.ActiveCfg = Biodeep|Any CPU
		{2DD4BE80-DDC3-4767-94A7-10F1C3395716}.Biodeep|Any CPU.Build.0 = Biodeep|Any CPU
		{2DD4BE80-DDC3-4767-94A7-10F1C3395716}.Biodeep|x64.ActiveCfg = Biodeep|x64
		{2DD4BE80-DDC3-4767-94A7-10F1C3395716}.Biodeep|x64.Build.0 = Biodeep|x64
		{2DD4BE80-DDC3-4767-94A7-10F1C3395716}.Biodeep|x86.ActiveCfg = Biodeep|x86
		{2DD4BE80-DDC3-4767-94A7-10F1C3395716}.Biodeep|x86.Build.0 = Biodeep|x86
		{2DD4BE80-DDC3-4767-94A7-10F1C3395716}.Debug|Any CPU.ActiveCfg = Debug|Any CPU
		{2DD4BE80-DDC3-4767-94A7-10F1C3395716}.Debug|Any CPU.Build.0 = Debug|Any CPU
		{2DD4BE80-DDC3-4767-94A7-10F1C3395716}.Debug|x64.ActiveCfg = Debug|x64
		{2DD4BE80-DDC3-4767-94A7-10F1C3395716}.Debug|x64.Build.0 = Debug|x64
		{2DD4BE80-DDC3-4767-94A7-10F1C3395716}.Debug|x86.ActiveCfg = Debug|x86
		{2DD4BE80-DDC3-4767-94A7-10F1C3395716}.Debug|x86.Build.0 = Debug|x86
		{2DD4BE80-DDC3-4767-94A7-10F1C3395716}.DEMO|Any CPU.ActiveCfg = Debug|Any CPU
		{2DD4BE80-DDC3-4767-94A7-10F1C3395716}.DEMO|Any CPU.Build.0 = Debug|Any CPU
		{2DD4BE80-DDC3-4767-94A7-10F1C3395716}.DEMO|x64.ActiveCfg = Debug|x64
		{2DD4BE80-DDC3-4767-94A7-10F1C3395716}.DEMO|x64.Build.0 = Debug|x64
		{2DD4BE80-DDC3-4767-94A7-10F1C3395716}.DEMO|x86.ActiveCfg = Debug|x86
		{2DD4BE80-DDC3-4767-94A7-10F1C3395716}.DEMO|x86.Build.0 = Debug|x86
		{2DD4BE80-DDC3-4767-94A7-10F1C3395716}.docs|Any CPU.ActiveCfg = docs|Any CPU
		{2DD4BE80-DDC3-4767-94A7-10F1C3395716}.docs|Any CPU.Build.0 = docs|Any CPU
		{2DD4BE80-DDC3-4767-94A7-10F1C3395716}.docs|x64.ActiveCfg = docs|x64
		{2DD4BE80-DDC3-4767-94A7-10F1C3395716}.docs|x64.Build.0 = docs|x64
		{2DD4BE80-DDC3-4767-94A7-10F1C3395716}.docs|x86.ActiveCfg = docs|x86
		{2DD4BE80-DDC3-4767-94A7-10F1C3395716}.docs|x86.Build.0 = docs|x86
		{2DD4BE80-DDC3-4767-94A7-10F1C3395716}.GCModeller(Release_X64)|Any CPU.ActiveCfg = GCModeller(Release_X64)|Any CPU
		{2DD4BE80-DDC3-4767-94A7-10F1C3395716}.GCModeller(Release_X64)|Any CPU.Build.0 = GCModeller(Release_X64)|Any CPU
		{2DD4BE80-DDC3-4767-94A7-10F1C3395716}.GCModeller(Release_X64)|x64.ActiveCfg = GCModeller(Release_X64)|x64
		{2DD4BE80-DDC3-4767-94A7-10F1C3395716}.GCModeller(Release_X64)|x64.Build.0 = GCModeller(Release_X64)|x64
		{2DD4BE80-DDC3-4767-94A7-10F1C3395716}.GCModeller(Release_X64)|x86.ActiveCfg = GCModeller(Release_X64)|x86
		{2DD4BE80-DDC3-4767-94A7-10F1C3395716}.GCModeller(Release_X64)|x86.Build.0 = GCModeller(Release_X64)|x86
		{2DD4BE80-DDC3-4767-94A7-10F1C3395716}.installer_x64|Any CPU.ActiveCfg = installer_x64|Any CPU
		{2DD4BE80-DDC3-4767-94A7-10F1C3395716}.installer_x64|Any CPU.Build.0 = installer_x64|Any CPU
		{2DD4BE80-DDC3-4767-94A7-10F1C3395716}.installer_x64|x64.ActiveCfg = installer_x64|x64
		{2DD4BE80-DDC3-4767-94A7-10F1C3395716}.installer_x64|x64.Build.0 = installer_x64|x64
		{2DD4BE80-DDC3-4767-94A7-10F1C3395716}.installer_x64|x86.ActiveCfg = installer_x64|x86
		{2DD4BE80-DDC3-4767-94A7-10F1C3395716}.installer_x64|x86.Build.0 = installer_x64|x86
		{2DD4BE80-DDC3-4767-94A7-10F1C3395716}.Publish|Any CPU.ActiveCfg = Publish|Any CPU
		{2DD4BE80-DDC3-4767-94A7-10F1C3395716}.Publish|Any CPU.Build.0 = Publish|Any CPU
		{2DD4BE80-DDC3-4767-94A7-10F1C3395716}.Publish|x64.ActiveCfg = Publish|x64
		{2DD4BE80-DDC3-4767-94A7-10F1C3395716}.Publish|x64.Build.0 = Publish|x64
		{2DD4BE80-DDC3-4767-94A7-10F1C3395716}.Publish|x86.ActiveCfg = Publish|x86
		{2DD4BE80-DDC3-4767-94A7-10F1C3395716}.Publish|x86.Build.0 = Publish|x86
		{2DD4BE80-DDC3-4767-94A7-10F1C3395716}.Release|Any CPU.ActiveCfg = Release|Any CPU
		{2DD4BE80-DDC3-4767-94A7-10F1C3395716}.Release|Any CPU.Build.0 = Release|Any CPU
		{2DD4BE80-DDC3-4767-94A7-10F1C3395716}.Release|x64.ActiveCfg = Release|x64
		{2DD4BE80-DDC3-4767-94A7-10F1C3395716}.Release|x64.Build.0 = Release|x64
		{2DD4BE80-DDC3-4767-94A7-10F1C3395716}.Release|x86.ActiveCfg = Release|x86
		{2DD4BE80-DDC3-4767-94A7-10F1C3395716}.Release|x86.Build.0 = Release|x86
		{2DD4BE80-DDC3-4767-94A7-10F1C3395716}.Release2|Any CPU.ActiveCfg = Release2|Any CPU
		{2DD4BE80-DDC3-4767-94A7-10F1C3395716}.Release2|Any CPU.Build.0 = Release2|Any CPU
		{2DD4BE80-DDC3-4767-94A7-10F1C3395716}.Release2|x64.ActiveCfg = Release2|x64
		{2DD4BE80-DDC3-4767-94A7-10F1C3395716}.Release2|x64.Build.0 = Release2|x64
		{2DD4BE80-DDC3-4767-94A7-10F1C3395716}.Release2|x86.ActiveCfg = Release2|x86
		{2DD4BE80-DDC3-4767-94A7-10F1C3395716}.Release2|x86.Build.0 = Release2|x86
		{85E71B4B-9276-4EC8-AADC-C849205F1EA8}.Biodeep|Any CPU.ActiveCfg = Biodeep|Any CPU
		{85E71B4B-9276-4EC8-AADC-C849205F1EA8}.Biodeep|Any CPU.Build.0 = Biodeep|Any CPU
		{85E71B4B-9276-4EC8-AADC-C849205F1EA8}.Biodeep|x64.ActiveCfg = Biodeep|x64
		{85E71B4B-9276-4EC8-AADC-C849205F1EA8}.Biodeep|x64.Build.0 = Biodeep|x64
		{85E71B4B-9276-4EC8-AADC-C849205F1EA8}.Biodeep|x86.ActiveCfg = Biodeep|x86
		{85E71B4B-9276-4EC8-AADC-C849205F1EA8}.Biodeep|x86.Build.0 = Biodeep|x86
		{85E71B4B-9276-4EC8-AADC-C849205F1EA8}.Debug|Any CPU.ActiveCfg = Debug|Any CPU
		{85E71B4B-9276-4EC8-AADC-C849205F1EA8}.Debug|Any CPU.Build.0 = Debug|Any CPU
		{85E71B4B-9276-4EC8-AADC-C849205F1EA8}.Debug|x64.ActiveCfg = Debug|x64
		{85E71B4B-9276-4EC8-AADC-C849205F1EA8}.Debug|x64.Build.0 = Debug|x64
		{85E71B4B-9276-4EC8-AADC-C849205F1EA8}.Debug|x86.ActiveCfg = Debug|x86
		{85E71B4B-9276-4EC8-AADC-C849205F1EA8}.Debug|x86.Build.0 = Debug|x86
		{85E71B4B-9276-4EC8-AADC-C849205F1EA8}.DEMO|Any CPU.ActiveCfg = Debug|Any CPU
		{85E71B4B-9276-4EC8-AADC-C849205F1EA8}.DEMO|Any CPU.Build.0 = Debug|Any CPU
		{85E71B4B-9276-4EC8-AADC-C849205F1EA8}.DEMO|x64.ActiveCfg = Debug|x64
		{85E71B4B-9276-4EC8-AADC-C849205F1EA8}.DEMO|x64.Build.0 = Debug|x64
		{85E71B4B-9276-4EC8-AADC-C849205F1EA8}.DEMO|x86.ActiveCfg = Debug|x86
		{85E71B4B-9276-4EC8-AADC-C849205F1EA8}.DEMO|x86.Build.0 = Debug|x86
		{85E71B4B-9276-4EC8-AADC-C849205F1EA8}.docs|Any CPU.ActiveCfg = docs|Any CPU
		{85E71B4B-9276-4EC8-AADC-C849205F1EA8}.docs|Any CPU.Build.0 = docs|Any CPU
		{85E71B4B-9276-4EC8-AADC-C849205F1EA8}.docs|x64.ActiveCfg = docs|x64
		{85E71B4B-9276-4EC8-AADC-C849205F1EA8}.docs|x64.Build.0 = docs|x64
		{85E71B4B-9276-4EC8-AADC-C849205F1EA8}.docs|x86.ActiveCfg = docs|x86
		{85E71B4B-9276-4EC8-AADC-C849205F1EA8}.docs|x86.Build.0 = docs|x86
		{85E71B4B-9276-4EC8-AADC-C849205F1EA8}.GCModeller(Release_X64)|Any CPU.ActiveCfg = GCModeller(Release_X64)|Any CPU
		{85E71B4B-9276-4EC8-AADC-C849205F1EA8}.GCModeller(Release_X64)|Any CPU.Build.0 = GCModeller(Release_X64)|Any CPU
		{85E71B4B-9276-4EC8-AADC-C849205F1EA8}.GCModeller(Release_X64)|x64.ActiveCfg = GCModeller(Release_X64)|x64
		{85E71B4B-9276-4EC8-AADC-C849205F1EA8}.GCModeller(Release_X64)|x64.Build.0 = GCModeller(Release_X64)|x64
		{85E71B4B-9276-4EC8-AADC-C849205F1EA8}.GCModeller(Release_X64)|x86.ActiveCfg = GCModeller(Release_X64)|x86
		{85E71B4B-9276-4EC8-AADC-C849205F1EA8}.GCModeller(Release_X64)|x86.Build.0 = GCModeller(Release_X64)|x86
		{85E71B4B-9276-4EC8-AADC-C849205F1EA8}.installer_x64|Any CPU.ActiveCfg = installer_x64|Any CPU
		{85E71B4B-9276-4EC8-AADC-C849205F1EA8}.installer_x64|Any CPU.Build.0 = installer_x64|Any CPU
		{85E71B4B-9276-4EC8-AADC-C849205F1EA8}.installer_x64|x64.ActiveCfg = installer_x64|x64
		{85E71B4B-9276-4EC8-AADC-C849205F1EA8}.installer_x64|x64.Build.0 = installer_x64|x64
		{85E71B4B-9276-4EC8-AADC-C849205F1EA8}.installer_x64|x86.ActiveCfg = installer_x64|x86
		{85E71B4B-9276-4EC8-AADC-C849205F1EA8}.installer_x64|x86.Build.0 = installer_x64|x86
		{85E71B4B-9276-4EC8-AADC-C849205F1EA8}.Publish|Any CPU.ActiveCfg = Publish|Any CPU
		{85E71B4B-9276-4EC8-AADC-C849205F1EA8}.Publish|Any CPU.Build.0 = Publish|Any CPU
		{85E71B4B-9276-4EC8-AADC-C849205F1EA8}.Publish|x64.ActiveCfg = Publish|x64
		{85E71B4B-9276-4EC8-AADC-C849205F1EA8}.Publish|x64.Build.0 = Publish|x64
		{85E71B4B-9276-4EC8-AADC-C849205F1EA8}.Publish|x86.ActiveCfg = Publish|x86
		{85E71B4B-9276-4EC8-AADC-C849205F1EA8}.Publish|x86.Build.0 = Publish|x86
		{85E71B4B-9276-4EC8-AADC-C849205F1EA8}.Release|Any CPU.ActiveCfg = Release|Any CPU
		{85E71B4B-9276-4EC8-AADC-C849205F1EA8}.Release|Any CPU.Build.0 = Release|Any CPU
		{85E71B4B-9276-4EC8-AADC-C849205F1EA8}.Release|x64.ActiveCfg = Release|x64
		{85E71B4B-9276-4EC8-AADC-C849205F1EA8}.Release|x64.Build.0 = Release|x64
		{85E71B4B-9276-4EC8-AADC-C849205F1EA8}.Release|x86.ActiveCfg = Release|x86
		{85E71B4B-9276-4EC8-AADC-C849205F1EA8}.Release|x86.Build.0 = Release|x86
		{85E71B4B-9276-4EC8-AADC-C849205F1EA8}.Release2|Any CPU.ActiveCfg = Release2|Any CPU
		{85E71B4B-9276-4EC8-AADC-C849205F1EA8}.Release2|Any CPU.Build.0 = Release2|Any CPU
		{85E71B4B-9276-4EC8-AADC-C849205F1EA8}.Release2|x64.ActiveCfg = Release2|x64
		{85E71B4B-9276-4EC8-AADC-C849205F1EA8}.Release2|x64.Build.0 = Release2|x64
		{85E71B4B-9276-4EC8-AADC-C849205F1EA8}.Release2|x86.ActiveCfg = Release2|x86
		{85E71B4B-9276-4EC8-AADC-C849205F1EA8}.Release2|x86.Build.0 = Release2|x86
		{C60416D4-B3E2-45E5-BFE0-90D5021647F9}.Biodeep|Any CPU.ActiveCfg = Release|Any CPU
		{C60416D4-B3E2-45E5-BFE0-90D5021647F9}.Biodeep|Any CPU.Build.0 = Release|Any CPU
		{C60416D4-B3E2-45E5-BFE0-90D5021647F9}.Biodeep|x64.ActiveCfg = Release|Any CPU
		{C60416D4-B3E2-45E5-BFE0-90D5021647F9}.Biodeep|x64.Build.0 = Release|Any CPU
		{C60416D4-B3E2-45E5-BFE0-90D5021647F9}.Biodeep|x86.ActiveCfg = Release|Any CPU
		{C60416D4-B3E2-45E5-BFE0-90D5021647F9}.Biodeep|x86.Build.0 = Release|Any CPU
		{C60416D4-B3E2-45E5-BFE0-90D5021647F9}.Debug|Any CPU.ActiveCfg = Debug|Any CPU
		{C60416D4-B3E2-45E5-BFE0-90D5021647F9}.Debug|Any CPU.Build.0 = Debug|Any CPU
		{C60416D4-B3E2-45E5-BFE0-90D5021647F9}.Debug|x64.ActiveCfg = Debug|Any CPU
		{C60416D4-B3E2-45E5-BFE0-90D5021647F9}.Debug|x64.Build.0 = Debug|Any CPU
		{C60416D4-B3E2-45E5-BFE0-90D5021647F9}.Debug|x86.ActiveCfg = Debug|Any CPU
		{C60416D4-B3E2-45E5-BFE0-90D5021647F9}.Debug|x86.Build.0 = Debug|Any CPU
		{C60416D4-B3E2-45E5-BFE0-90D5021647F9}.DEMO|Any CPU.ActiveCfg = Debug|Any CPU
		{C60416D4-B3E2-45E5-BFE0-90D5021647F9}.DEMO|Any CPU.Build.0 = Debug|Any CPU
		{C60416D4-B3E2-45E5-BFE0-90D5021647F9}.DEMO|x64.ActiveCfg = Debug|Any CPU
		{C60416D4-B3E2-45E5-BFE0-90D5021647F9}.DEMO|x64.Build.0 = Debug|Any CPU
		{C60416D4-B3E2-45E5-BFE0-90D5021647F9}.DEMO|x86.ActiveCfg = Debug|Any CPU
		{C60416D4-B3E2-45E5-BFE0-90D5021647F9}.DEMO|x86.Build.0 = Debug|Any CPU
		{C60416D4-B3E2-45E5-BFE0-90D5021647F9}.docs|Any CPU.ActiveCfg = Debug|Any CPU
		{C60416D4-B3E2-45E5-BFE0-90D5021647F9}.docs|Any CPU.Build.0 = Debug|Any CPU
		{C60416D4-B3E2-45E5-BFE0-90D5021647F9}.docs|x64.ActiveCfg = Debug|Any CPU
		{C60416D4-B3E2-45E5-BFE0-90D5021647F9}.docs|x64.Build.0 = Debug|Any CPU
		{C60416D4-B3E2-45E5-BFE0-90D5021647F9}.docs|x86.ActiveCfg = Debug|Any CPU
		{C60416D4-B3E2-45E5-BFE0-90D5021647F9}.docs|x86.Build.0 = Debug|Any CPU
		{C60416D4-B3E2-45E5-BFE0-90D5021647F9}.GCModeller(Release_X64)|Any CPU.ActiveCfg = Release|Any CPU
		{C60416D4-B3E2-45E5-BFE0-90D5021647F9}.GCModeller(Release_X64)|Any CPU.Build.0 = Release|Any CPU
		{C60416D4-B3E2-45E5-BFE0-90D5021647F9}.GCModeller(Release_X64)|x64.ActiveCfg = Release|Any CPU
		{C60416D4-B3E2-45E5-BFE0-90D5021647F9}.GCModeller(Release_X64)|x64.Build.0 = Release|Any CPU
		{C60416D4-B3E2-45E5-BFE0-90D5021647F9}.GCModeller(Release_X64)|x86.ActiveCfg = Release|Any CPU
		{C60416D4-B3E2-45E5-BFE0-90D5021647F9}.GCModeller(Release_X64)|x86.Build.0 = Release|Any CPU
		{C60416D4-B3E2-45E5-BFE0-90D5021647F9}.installer_x64|Any CPU.ActiveCfg = Release|Any CPU
		{C60416D4-B3E2-45E5-BFE0-90D5021647F9}.installer_x64|Any CPU.Build.0 = Release|Any CPU
		{C60416D4-B3E2-45E5-BFE0-90D5021647F9}.installer_x64|x64.ActiveCfg = Release|Any CPU
		{C60416D4-B3E2-45E5-BFE0-90D5021647F9}.installer_x64|x64.Build.0 = Release|Any CPU
		{C60416D4-B3E2-45E5-BFE0-90D5021647F9}.installer_x64|x86.ActiveCfg = Release|Any CPU
		{C60416D4-B3E2-45E5-BFE0-90D5021647F9}.installer_x64|x86.Build.0 = Release|Any CPU
		{C60416D4-B3E2-45E5-BFE0-90D5021647F9}.Publish|Any CPU.ActiveCfg = Release|Any CPU
		{C60416D4-B3E2-45E5-BFE0-90D5021647F9}.Publish|Any CPU.Build.0 = Release|Any CPU
		{C60416D4-B3E2-45E5-BFE0-90D5021647F9}.Publish|x64.ActiveCfg = Release|Any CPU
		{C60416D4-B3E2-45E5-BFE0-90D5021647F9}.Publish|x64.Build.0 = Release|Any CPU
		{C60416D4-B3E2-45E5-BFE0-90D5021647F9}.Publish|x86.ActiveCfg = Release|Any CPU
		{C60416D4-B3E2-45E5-BFE0-90D5021647F9}.Publish|x86.Build.0 = Release|Any CPU
		{C60416D4-B3E2-45E5-BFE0-90D5021647F9}.Release|Any CPU.ActiveCfg = Release|Any CPU
		{C60416D4-B3E2-45E5-BFE0-90D5021647F9}.Release|Any CPU.Build.0 = Release|Any CPU
		{C60416D4-B3E2-45E5-BFE0-90D5021647F9}.Release|x64.ActiveCfg = Release|Any CPU
		{C60416D4-B3E2-45E5-BFE0-90D5021647F9}.Release|x64.Build.0 = Release|Any CPU
		{C60416D4-B3E2-45E5-BFE0-90D5021647F9}.Release|x86.ActiveCfg = Release|Any CPU
		{C60416D4-B3E2-45E5-BFE0-90D5021647F9}.Release|x86.Build.0 = Release|Any CPU
		{C60416D4-B3E2-45E5-BFE0-90D5021647F9}.Release2|Any CPU.ActiveCfg = Release|Any CPU
		{C60416D4-B3E2-45E5-BFE0-90D5021647F9}.Release2|Any CPU.Build.0 = Release|Any CPU
		{C60416D4-B3E2-45E5-BFE0-90D5021647F9}.Release2|x64.ActiveCfg = Release|Any CPU
		{C60416D4-B3E2-45E5-BFE0-90D5021647F9}.Release2|x64.Build.0 = Release|Any CPU
		{C60416D4-B3E2-45E5-BFE0-90D5021647F9}.Release2|x86.ActiveCfg = Release|Any CPU
		{C60416D4-B3E2-45E5-BFE0-90D5021647F9}.Release2|x86.Build.0 = Release|Any CPU
		{203BC68F-A0CD-443A-AB62-4AF4110F752F}.Biodeep|Any CPU.ActiveCfg = Biodeep|Any CPU
		{203BC68F-A0CD-443A-AB62-4AF4110F752F}.Biodeep|Any CPU.Build.0 = Biodeep|Any CPU
		{203BC68F-A0CD-443A-AB62-4AF4110F752F}.Biodeep|x64.ActiveCfg = Biodeep|x64
		{203BC68F-A0CD-443A-AB62-4AF4110F752F}.Biodeep|x64.Build.0 = Biodeep|x64
		{203BC68F-A0CD-443A-AB62-4AF4110F752F}.Biodeep|x86.ActiveCfg = Biodeep|x86
		{203BC68F-A0CD-443A-AB62-4AF4110F752F}.Biodeep|x86.Build.0 = Biodeep|x86
		{203BC68F-A0CD-443A-AB62-4AF4110F752F}.Debug|Any CPU.ActiveCfg = Debug|Any CPU
		{203BC68F-A0CD-443A-AB62-4AF4110F752F}.Debug|Any CPU.Build.0 = Debug|Any CPU
		{203BC68F-A0CD-443A-AB62-4AF4110F752F}.Debug|x64.ActiveCfg = Debug|x64
		{203BC68F-A0CD-443A-AB62-4AF4110F752F}.Debug|x64.Build.0 = Debug|x64
		{203BC68F-A0CD-443A-AB62-4AF4110F752F}.Debug|x86.ActiveCfg = Debug|x86
		{203BC68F-A0CD-443A-AB62-4AF4110F752F}.Debug|x86.Build.0 = Debug|x86
		{203BC68F-A0CD-443A-AB62-4AF4110F752F}.DEMO|Any CPU.ActiveCfg = Debug|Any CPU
		{203BC68F-A0CD-443A-AB62-4AF4110F752F}.DEMO|Any CPU.Build.0 = Debug|Any CPU
		{203BC68F-A0CD-443A-AB62-4AF4110F752F}.DEMO|x64.ActiveCfg = Debug|x64
		{203BC68F-A0CD-443A-AB62-4AF4110F752F}.DEMO|x64.Build.0 = Debug|x64
		{203BC68F-A0CD-443A-AB62-4AF4110F752F}.DEMO|x86.ActiveCfg = Debug|x86
		{203BC68F-A0CD-443A-AB62-4AF4110F752F}.DEMO|x86.Build.0 = Debug|x86
		{203BC68F-A0CD-443A-AB62-4AF4110F752F}.docs|Any CPU.ActiveCfg = Debug|Any CPU
		{203BC68F-A0CD-443A-AB62-4AF4110F752F}.docs|Any CPU.Build.0 = Debug|Any CPU
		{203BC68F-A0CD-443A-AB62-4AF4110F752F}.docs|x64.ActiveCfg = Debug|x64
		{203BC68F-A0CD-443A-AB62-4AF4110F752F}.docs|x64.Build.0 = Debug|x64
		{203BC68F-A0CD-443A-AB62-4AF4110F752F}.docs|x86.ActiveCfg = Debug|x86
		{203BC68F-A0CD-443A-AB62-4AF4110F752F}.docs|x86.Build.0 = Debug|x86
		{203BC68F-A0CD-443A-AB62-4AF4110F752F}.GCModeller(Release_X64)|Any CPU.ActiveCfg = GCModeller(Release_X64)|Any CPU
		{203BC68F-A0CD-443A-AB62-4AF4110F752F}.GCModeller(Release_X64)|Any CPU.Build.0 = GCModeller(Release_X64)|Any CPU
		{203BC68F-A0CD-443A-AB62-4AF4110F752F}.GCModeller(Release_X64)|x64.ActiveCfg = GCModeller(Release_X64)|x64
		{203BC68F-A0CD-443A-AB62-4AF4110F752F}.GCModeller(Release_X64)|x64.Build.0 = GCModeller(Release_X64)|x64
		{203BC68F-A0CD-443A-AB62-4AF4110F752F}.GCModeller(Release_X64)|x86.ActiveCfg = GCModeller(Release_X64)|x86
		{203BC68F-A0CD-443A-AB62-4AF4110F752F}.GCModeller(Release_X64)|x86.Build.0 = GCModeller(Release_X64)|x86
		{203BC68F-A0CD-443A-AB62-4AF4110F752F}.installer_x64|Any CPU.ActiveCfg = installer_x64|Any CPU
		{203BC68F-A0CD-443A-AB62-4AF4110F752F}.installer_x64|Any CPU.Build.0 = installer_x64|Any CPU
		{203BC68F-A0CD-443A-AB62-4AF4110F752F}.installer_x64|x64.ActiveCfg = installer_x64|x64
		{203BC68F-A0CD-443A-AB62-4AF4110F752F}.installer_x64|x64.Build.0 = installer_x64|x64
		{203BC68F-A0CD-443A-AB62-4AF4110F752F}.installer_x64|x86.ActiveCfg = installer_x64|x86
		{203BC68F-A0CD-443A-AB62-4AF4110F752F}.installer_x64|x86.Build.0 = installer_x64|x86
		{203BC68F-A0CD-443A-AB62-4AF4110F752F}.Publish|Any CPU.ActiveCfg = Biodeep|Any CPU
		{203BC68F-A0CD-443A-AB62-4AF4110F752F}.Publish|Any CPU.Build.0 = Biodeep|Any CPU
		{203BC68F-A0CD-443A-AB62-4AF4110F752F}.Publish|x64.ActiveCfg = Biodeep|x64
		{203BC68F-A0CD-443A-AB62-4AF4110F752F}.Publish|x64.Build.0 = Biodeep|x64
		{203BC68F-A0CD-443A-AB62-4AF4110F752F}.Publish|x86.ActiveCfg = Biodeep|x86
		{203BC68F-A0CD-443A-AB62-4AF4110F752F}.Publish|x86.Build.0 = Biodeep|x86
		{203BC68F-A0CD-443A-AB62-4AF4110F752F}.Release|Any CPU.ActiveCfg = Release|Any CPU
		{203BC68F-A0CD-443A-AB62-4AF4110F752F}.Release|Any CPU.Build.0 = Release|Any CPU
		{203BC68F-A0CD-443A-AB62-4AF4110F752F}.Release|x64.ActiveCfg = Release|x64
		{203BC68F-A0CD-443A-AB62-4AF4110F752F}.Release|x64.Build.0 = Release|x64
		{203BC68F-A0CD-443A-AB62-4AF4110F752F}.Release|x86.ActiveCfg = Release|x86
		{203BC68F-A0CD-443A-AB62-4AF4110F752F}.Release|x86.Build.0 = Release|x86
		{203BC68F-A0CD-443A-AB62-4AF4110F752F}.Release2|Any CPU.ActiveCfg = Release|Any CPU
		{203BC68F-A0CD-443A-AB62-4AF4110F752F}.Release2|Any CPU.Build.0 = Release|Any CPU
		{203BC68F-A0CD-443A-AB62-4AF4110F752F}.Release2|x64.ActiveCfg = Release|x64
		{203BC68F-A0CD-443A-AB62-4AF4110F752F}.Release2|x64.Build.0 = Release|x64
		{203BC68F-A0CD-443A-AB62-4AF4110F752F}.Release2|x86.ActiveCfg = Release|x86
		{203BC68F-A0CD-443A-AB62-4AF4110F752F}.Release2|x86.Build.0 = Release|x86
		{076315EE-B598-40DC-9280-C71CDF9B6A48}.Biodeep|Any CPU.ActiveCfg = Biodeep|Any CPU
		{076315EE-B598-40DC-9280-C71CDF9B6A48}.Biodeep|Any CPU.Build.0 = Biodeep|Any CPU
		{076315EE-B598-40DC-9280-C71CDF9B6A48}.Biodeep|x64.ActiveCfg = Biodeep|x64
		{076315EE-B598-40DC-9280-C71CDF9B6A48}.Biodeep|x64.Build.0 = Biodeep|x64
		{076315EE-B598-40DC-9280-C71CDF9B6A48}.Biodeep|x86.ActiveCfg = Biodeep|x86
		{076315EE-B598-40DC-9280-C71CDF9B6A48}.Biodeep|x86.Build.0 = Biodeep|x86
		{076315EE-B598-40DC-9280-C71CDF9B6A48}.Debug|Any CPU.ActiveCfg = Debug|Any CPU
		{076315EE-B598-40DC-9280-C71CDF9B6A48}.Debug|Any CPU.Build.0 = Debug|Any CPU
		{076315EE-B598-40DC-9280-C71CDF9B6A48}.Debug|x64.ActiveCfg = Debug|x64
		{076315EE-B598-40DC-9280-C71CDF9B6A48}.Debug|x64.Build.0 = Debug|x64
		{076315EE-B598-40DC-9280-C71CDF9B6A48}.Debug|x86.ActiveCfg = Debug|x86
		{076315EE-B598-40DC-9280-C71CDF9B6A48}.Debug|x86.Build.0 = Debug|x86
		{076315EE-B598-40DC-9280-C71CDF9B6A48}.DEMO|Any CPU.ActiveCfg = Debug|Any CPU
		{076315EE-B598-40DC-9280-C71CDF9B6A48}.DEMO|Any CPU.Build.0 = Debug|Any CPU
		{076315EE-B598-40DC-9280-C71CDF9B6A48}.DEMO|x64.ActiveCfg = Debug|x64
		{076315EE-B598-40DC-9280-C71CDF9B6A48}.DEMO|x64.Build.0 = Debug|x64
		{076315EE-B598-40DC-9280-C71CDF9B6A48}.DEMO|x86.ActiveCfg = Debug|x86
		{076315EE-B598-40DC-9280-C71CDF9B6A48}.DEMO|x86.Build.0 = Debug|x86
		{076315EE-B598-40DC-9280-C71CDF9B6A48}.docs|Any CPU.ActiveCfg = docs|Any CPU
		{076315EE-B598-40DC-9280-C71CDF9B6A48}.docs|Any CPU.Build.0 = docs|Any CPU
		{076315EE-B598-40DC-9280-C71CDF9B6A48}.docs|x64.ActiveCfg = docs|x64
		{076315EE-B598-40DC-9280-C71CDF9B6A48}.docs|x64.Build.0 = docs|x64
		{076315EE-B598-40DC-9280-C71CDF9B6A48}.docs|x86.ActiveCfg = docs|x86
		{076315EE-B598-40DC-9280-C71CDF9B6A48}.docs|x86.Build.0 = docs|x86
		{076315EE-B598-40DC-9280-C71CDF9B6A48}.GCModeller(Release_X64)|Any CPU.ActiveCfg = GCModeller(Release_X64)|Any CPU
		{076315EE-B598-40DC-9280-C71CDF9B6A48}.GCModeller(Release_X64)|Any CPU.Build.0 = GCModeller(Release_X64)|Any CPU
		{076315EE-B598-40DC-9280-C71CDF9B6A48}.GCModeller(Release_X64)|x64.ActiveCfg = GCModeller(Release_X64)|x64
		{076315EE-B598-40DC-9280-C71CDF9B6A48}.GCModeller(Release_X64)|x64.Build.0 = GCModeller(Release_X64)|x64
		{076315EE-B598-40DC-9280-C71CDF9B6A48}.GCModeller(Release_X64)|x86.ActiveCfg = GCModeller(Release_X64)|x86
		{076315EE-B598-40DC-9280-C71CDF9B6A48}.GCModeller(Release_X64)|x86.Build.0 = GCModeller(Release_X64)|x86
		{076315EE-B598-40DC-9280-C71CDF9B6A48}.installer_x64|Any CPU.ActiveCfg = installer_x64|Any CPU
		{076315EE-B598-40DC-9280-C71CDF9B6A48}.installer_x64|Any CPU.Build.0 = installer_x64|Any CPU
		{076315EE-B598-40DC-9280-C71CDF9B6A48}.installer_x64|x64.ActiveCfg = installer_x64|x64
		{076315EE-B598-40DC-9280-C71CDF9B6A48}.installer_x64|x64.Build.0 = installer_x64|x64
		{076315EE-B598-40DC-9280-C71CDF9B6A48}.installer_x64|x86.ActiveCfg = installer_x64|x86
		{076315EE-B598-40DC-9280-C71CDF9B6A48}.installer_x64|x86.Build.0 = installer_x64|x86
		{076315EE-B598-40DC-9280-C71CDF9B6A48}.Publish|Any CPU.ActiveCfg = Publish|Any CPU
		{076315EE-B598-40DC-9280-C71CDF9B6A48}.Publish|Any CPU.Build.0 = Publish|Any CPU
		{076315EE-B598-40DC-9280-C71CDF9B6A48}.Publish|x64.ActiveCfg = Publish|x64
		{076315EE-B598-40DC-9280-C71CDF9B6A48}.Publish|x64.Build.0 = Publish|x64
		{076315EE-B598-40DC-9280-C71CDF9B6A48}.Publish|x86.ActiveCfg = Publish|x86
		{076315EE-B598-40DC-9280-C71CDF9B6A48}.Publish|x86.Build.0 = Publish|x86
		{076315EE-B598-40DC-9280-C71CDF9B6A48}.Release|Any CPU.ActiveCfg = Release|Any CPU
		{076315EE-B598-40DC-9280-C71CDF9B6A48}.Release|Any CPU.Build.0 = Release|Any CPU
		{076315EE-B598-40DC-9280-C71CDF9B6A48}.Release|x64.ActiveCfg = Release|x64
		{076315EE-B598-40DC-9280-C71CDF9B6A48}.Release|x64.Build.0 = Release|x64
		{076315EE-B598-40DC-9280-C71CDF9B6A48}.Release|x86.ActiveCfg = Release|x86
		{076315EE-B598-40DC-9280-C71CDF9B6A48}.Release|x86.Build.0 = Release|x86
		{076315EE-B598-40DC-9280-C71CDF9B6A48}.Release2|Any CPU.ActiveCfg = Release2|Any CPU
		{076315EE-B598-40DC-9280-C71CDF9B6A48}.Release2|Any CPU.Build.0 = Release2|Any CPU
		{076315EE-B598-40DC-9280-C71CDF9B6A48}.Release2|x64.ActiveCfg = Release2|x64
		{076315EE-B598-40DC-9280-C71CDF9B6A48}.Release2|x64.Build.0 = Release2|x64
		{076315EE-B598-40DC-9280-C71CDF9B6A48}.Release2|x86.ActiveCfg = Release2|x86
		{076315EE-B598-40DC-9280-C71CDF9B6A48}.Release2|x86.Build.0 = Release2|x86
		{7283C179-F852-4EAD-8D8F-B82EF2CBD7DB}.Biodeep|Any CPU.ActiveCfg = Biodeep|Any CPU
		{7283C179-F852-4EAD-8D8F-B82EF2CBD7DB}.Biodeep|Any CPU.Build.0 = Biodeep|Any CPU
		{7283C179-F852-4EAD-8D8F-B82EF2CBD7DB}.Biodeep|x64.ActiveCfg = Biodeep|x64
		{7283C179-F852-4EAD-8D8F-B82EF2CBD7DB}.Biodeep|x64.Build.0 = Biodeep|x64
		{7283C179-F852-4EAD-8D8F-B82EF2CBD7DB}.Biodeep|x86.ActiveCfg = Biodeep|x86
		{7283C179-F852-4EAD-8D8F-B82EF2CBD7DB}.Biodeep|x86.Build.0 = Biodeep|x86
		{7283C179-F852-4EAD-8D8F-B82EF2CBD7DB}.Debug|Any CPU.ActiveCfg = Debug|Any CPU
		{7283C179-F852-4EAD-8D8F-B82EF2CBD7DB}.Debug|Any CPU.Build.0 = Debug|Any CPU
		{7283C179-F852-4EAD-8D8F-B82EF2CBD7DB}.Debug|x64.ActiveCfg = Debug|x64
		{7283C179-F852-4EAD-8D8F-B82EF2CBD7DB}.Debug|x64.Build.0 = Debug|x64
		{7283C179-F852-4EAD-8D8F-B82EF2CBD7DB}.Debug|x86.ActiveCfg = Debug|x86
		{7283C179-F852-4EAD-8D8F-B82EF2CBD7DB}.Debug|x86.Build.0 = Debug|x86
		{7283C179-F852-4EAD-8D8F-B82EF2CBD7DB}.DEMO|Any CPU.ActiveCfg = Debug|Any CPU
		{7283C179-F852-4EAD-8D8F-B82EF2CBD7DB}.DEMO|Any CPU.Build.0 = Debug|Any CPU
		{7283C179-F852-4EAD-8D8F-B82EF2CBD7DB}.DEMO|x64.ActiveCfg = Debug|x64
		{7283C179-F852-4EAD-8D8F-B82EF2CBD7DB}.DEMO|x64.Build.0 = Debug|x64
		{7283C179-F852-4EAD-8D8F-B82EF2CBD7DB}.DEMO|x86.ActiveCfg = Debug|x86
		{7283C179-F852-4EAD-8D8F-B82EF2CBD7DB}.DEMO|x86.Build.0 = Debug|x86
		{7283C179-F852-4EAD-8D8F-B82EF2CBD7DB}.docs|Any CPU.ActiveCfg = docs|Any CPU
		{7283C179-F852-4EAD-8D8F-B82EF2CBD7DB}.docs|Any CPU.Build.0 = docs|Any CPU
		{7283C179-F852-4EAD-8D8F-B82EF2CBD7DB}.docs|x64.ActiveCfg = docs|x64
		{7283C179-F852-4EAD-8D8F-B82EF2CBD7DB}.docs|x64.Build.0 = docs|x64
		{7283C179-F852-4EAD-8D8F-B82EF2CBD7DB}.docs|x86.ActiveCfg = docs|x86
		{7283C179-F852-4EAD-8D8F-B82EF2CBD7DB}.docs|x86.Build.0 = docs|x86
		{7283C179-F852-4EAD-8D8F-B82EF2CBD7DB}.GCModeller(Release_X64)|Any CPU.ActiveCfg = GCModeller(Release_X64)|Any CPU
		{7283C179-F852-4EAD-8D8F-B82EF2CBD7DB}.GCModeller(Release_X64)|Any CPU.Build.0 = GCModeller(Release_X64)|Any CPU
		{7283C179-F852-4EAD-8D8F-B82EF2CBD7DB}.GCModeller(Release_X64)|x64.ActiveCfg = GCModeller(Release_X64)|x64
		{7283C179-F852-4EAD-8D8F-B82EF2CBD7DB}.GCModeller(Release_X64)|x64.Build.0 = GCModeller(Release_X64)|x64
		{7283C179-F852-4EAD-8D8F-B82EF2CBD7DB}.GCModeller(Release_X64)|x86.ActiveCfg = GCModeller(Release_X64)|x86
		{7283C179-F852-4EAD-8D8F-B82EF2CBD7DB}.GCModeller(Release_X64)|x86.Build.0 = GCModeller(Release_X64)|x86
		{7283C179-F852-4EAD-8D8F-B82EF2CBD7DB}.installer_x64|Any CPU.ActiveCfg = installer_x64|Any CPU
		{7283C179-F852-4EAD-8D8F-B82EF2CBD7DB}.installer_x64|Any CPU.Build.0 = installer_x64|Any CPU
		{7283C179-F852-4EAD-8D8F-B82EF2CBD7DB}.installer_x64|x64.ActiveCfg = installer_x64|x64
		{7283C179-F852-4EAD-8D8F-B82EF2CBD7DB}.installer_x64|x64.Build.0 = installer_x64|x64
		{7283C179-F852-4EAD-8D8F-B82EF2CBD7DB}.installer_x64|x86.ActiveCfg = installer_x64|x86
		{7283C179-F852-4EAD-8D8F-B82EF2CBD7DB}.installer_x64|x86.Build.0 = installer_x64|x86
		{7283C179-F852-4EAD-8D8F-B82EF2CBD7DB}.Publish|Any CPU.ActiveCfg = Publish|Any CPU
		{7283C179-F852-4EAD-8D8F-B82EF2CBD7DB}.Publish|Any CPU.Build.0 = Publish|Any CPU
		{7283C179-F852-4EAD-8D8F-B82EF2CBD7DB}.Publish|x64.ActiveCfg = Publish|x64
		{7283C179-F852-4EAD-8D8F-B82EF2CBD7DB}.Publish|x64.Build.0 = Publish|x64
		{7283C179-F852-4EAD-8D8F-B82EF2CBD7DB}.Publish|x86.ActiveCfg = Publish|x86
		{7283C179-F852-4EAD-8D8F-B82EF2CBD7DB}.Publish|x86.Build.0 = Publish|x86
		{7283C179-F852-4EAD-8D8F-B82EF2CBD7DB}.Release|Any CPU.ActiveCfg = Release|Any CPU
		{7283C179-F852-4EAD-8D8F-B82EF2CBD7DB}.Release|Any CPU.Build.0 = Release|Any CPU
		{7283C179-F852-4EAD-8D8F-B82EF2CBD7DB}.Release|x64.ActiveCfg = Release|x64
		{7283C179-F852-4EAD-8D8F-B82EF2CBD7DB}.Release|x64.Build.0 = Release|x64
		{7283C179-F852-4EAD-8D8F-B82EF2CBD7DB}.Release|x86.ActiveCfg = Release|x86
		{7283C179-F852-4EAD-8D8F-B82EF2CBD7DB}.Release|x86.Build.0 = Release|x86
		{7283C179-F852-4EAD-8D8F-B82EF2CBD7DB}.Release2|Any CPU.ActiveCfg = Release2|Any CPU
		{7283C179-F852-4EAD-8D8F-B82EF2CBD7DB}.Release2|Any CPU.Build.0 = Release2|Any CPU
		{7283C179-F852-4EAD-8D8F-B82EF2CBD7DB}.Release2|x64.ActiveCfg = Release2|x64
		{7283C179-F852-4EAD-8D8F-B82EF2CBD7DB}.Release2|x64.Build.0 = Release2|x64
		{7283C179-F852-4EAD-8D8F-B82EF2CBD7DB}.Release2|x86.ActiveCfg = Release2|x86
		{7283C179-F852-4EAD-8D8F-B82EF2CBD7DB}.Release2|x86.Build.0 = Release2|x86
		{1BAFA2BC-68B2-4EE0-9235-C60FAE3377A0}.Biodeep|Any CPU.ActiveCfg = Release|Any CPU
		{1BAFA2BC-68B2-4EE0-9235-C60FAE3377A0}.Biodeep|Any CPU.Build.0 = Release|Any CPU
		{1BAFA2BC-68B2-4EE0-9235-C60FAE3377A0}.Biodeep|x64.ActiveCfg = Release|Any CPU
		{1BAFA2BC-68B2-4EE0-9235-C60FAE3377A0}.Biodeep|x64.Build.0 = Release|Any CPU
		{1BAFA2BC-68B2-4EE0-9235-C60FAE3377A0}.Biodeep|x86.ActiveCfg = Release|Any CPU
		{1BAFA2BC-68B2-4EE0-9235-C60FAE3377A0}.Biodeep|x86.Build.0 = Release|Any CPU
		{1BAFA2BC-68B2-4EE0-9235-C60FAE3377A0}.Debug|Any CPU.ActiveCfg = Debug|Any CPU
		{1BAFA2BC-68B2-4EE0-9235-C60FAE3377A0}.Debug|Any CPU.Build.0 = Debug|Any CPU
		{1BAFA2BC-68B2-4EE0-9235-C60FAE3377A0}.Debug|x64.ActiveCfg = Debug|Any CPU
		{1BAFA2BC-68B2-4EE0-9235-C60FAE3377A0}.Debug|x64.Build.0 = Debug|Any CPU
		{1BAFA2BC-68B2-4EE0-9235-C60FAE3377A0}.Debug|x86.ActiveCfg = Debug|Any CPU
		{1BAFA2BC-68B2-4EE0-9235-C60FAE3377A0}.Debug|x86.Build.0 = Debug|Any CPU
		{1BAFA2BC-68B2-4EE0-9235-C60FAE3377A0}.DEMO|Any CPU.ActiveCfg = Debug|Any CPU
		{1BAFA2BC-68B2-4EE0-9235-C60FAE3377A0}.DEMO|Any CPU.Build.0 = Debug|Any CPU
		{1BAFA2BC-68B2-4EE0-9235-C60FAE3377A0}.DEMO|x64.ActiveCfg = Debug|Any CPU
		{1BAFA2BC-68B2-4EE0-9235-C60FAE3377A0}.DEMO|x64.Build.0 = Debug|Any CPU
		{1BAFA2BC-68B2-4EE0-9235-C60FAE3377A0}.DEMO|x86.ActiveCfg = Debug|Any CPU
		{1BAFA2BC-68B2-4EE0-9235-C60FAE3377A0}.DEMO|x86.Build.0 = Debug|Any CPU
		{1BAFA2BC-68B2-4EE0-9235-C60FAE3377A0}.docs|Any CPU.ActiveCfg = Debug|Any CPU
		{1BAFA2BC-68B2-4EE0-9235-C60FAE3377A0}.docs|Any CPU.Build.0 = Debug|Any CPU
		{1BAFA2BC-68B2-4EE0-9235-C60FAE3377A0}.docs|x64.ActiveCfg = Debug|Any CPU
		{1BAFA2BC-68B2-4EE0-9235-C60FAE3377A0}.docs|x64.Build.0 = Debug|Any CPU
		{1BAFA2BC-68B2-4EE0-9235-C60FAE3377A0}.docs|x86.ActiveCfg = Debug|Any CPU
		{1BAFA2BC-68B2-4EE0-9235-C60FAE3377A0}.docs|x86.Build.0 = Debug|Any CPU
		{1BAFA2BC-68B2-4EE0-9235-C60FAE3377A0}.GCModeller(Release_X64)|Any CPU.ActiveCfg = Release|Any CPU
		{1BAFA2BC-68B2-4EE0-9235-C60FAE3377A0}.GCModeller(Release_X64)|Any CPU.Build.0 = Release|Any CPU
		{1BAFA2BC-68B2-4EE0-9235-C60FAE3377A0}.GCModeller(Release_X64)|x64.ActiveCfg = Release|Any CPU
		{1BAFA2BC-68B2-4EE0-9235-C60FAE3377A0}.GCModeller(Release_X64)|x64.Build.0 = Release|Any CPU
		{1BAFA2BC-68B2-4EE0-9235-C60FAE3377A0}.GCModeller(Release_X64)|x86.ActiveCfg = Release|Any CPU
		{1BAFA2BC-68B2-4EE0-9235-C60FAE3377A0}.GCModeller(Release_X64)|x86.Build.0 = Release|Any CPU
		{1BAFA2BC-68B2-4EE0-9235-C60FAE3377A0}.installer_x64|Any CPU.ActiveCfg = Release|Any CPU
		{1BAFA2BC-68B2-4EE0-9235-C60FAE3377A0}.installer_x64|Any CPU.Build.0 = Release|Any CPU
		{1BAFA2BC-68B2-4EE0-9235-C60FAE3377A0}.installer_x64|x64.ActiveCfg = Release|Any CPU
		{1BAFA2BC-68B2-4EE0-9235-C60FAE3377A0}.installer_x64|x64.Build.0 = Release|Any CPU
		{1BAFA2BC-68B2-4EE0-9235-C60FAE3377A0}.installer_x64|x86.ActiveCfg = Release|Any CPU
		{1BAFA2BC-68B2-4EE0-9235-C60FAE3377A0}.installer_x64|x86.Build.0 = Release|Any CPU
		{1BAFA2BC-68B2-4EE0-9235-C60FAE3377A0}.Publish|Any CPU.ActiveCfg = Release|Any CPU
		{1BAFA2BC-68B2-4EE0-9235-C60FAE3377A0}.Publish|Any CPU.Build.0 = Release|Any CPU
		{1BAFA2BC-68B2-4EE0-9235-C60FAE3377A0}.Publish|x64.ActiveCfg = Release|Any CPU
		{1BAFA2BC-68B2-4EE0-9235-C60FAE3377A0}.Publish|x64.Build.0 = Release|Any CPU
		{1BAFA2BC-68B2-4EE0-9235-C60FAE3377A0}.Publish|x86.ActiveCfg = Release|Any CPU
		{1BAFA2BC-68B2-4EE0-9235-C60FAE3377A0}.Publish|x86.Build.0 = Release|Any CPU
		{1BAFA2BC-68B2-4EE0-9235-C60FAE3377A0}.Release|Any CPU.ActiveCfg = Release|Any CPU
		{1BAFA2BC-68B2-4EE0-9235-C60FAE3377A0}.Release|Any CPU.Build.0 = Release|Any CPU
		{1BAFA2BC-68B2-4EE0-9235-C60FAE3377A0}.Release|x64.ActiveCfg = Release|Any CPU
		{1BAFA2BC-68B2-4EE0-9235-C60FAE3377A0}.Release|x64.Build.0 = Release|Any CPU
		{1BAFA2BC-68B2-4EE0-9235-C60FAE3377A0}.Release|x86.ActiveCfg = Release|Any CPU
		{1BAFA2BC-68B2-4EE0-9235-C60FAE3377A0}.Release|x86.Build.0 = Release|Any CPU
		{1BAFA2BC-68B2-4EE0-9235-C60FAE3377A0}.Release2|Any CPU.ActiveCfg = Release|Any CPU
		{1BAFA2BC-68B2-4EE0-9235-C60FAE3377A0}.Release2|Any CPU.Build.0 = Release|Any CPU
		{1BAFA2BC-68B2-4EE0-9235-C60FAE3377A0}.Release2|x64.ActiveCfg = Release|Any CPU
		{1BAFA2BC-68B2-4EE0-9235-C60FAE3377A0}.Release2|x64.Build.0 = Release|Any CPU
		{1BAFA2BC-68B2-4EE0-9235-C60FAE3377A0}.Release2|x86.ActiveCfg = Release|Any CPU
		{1BAFA2BC-68B2-4EE0-9235-C60FAE3377A0}.Release2|x86.Build.0 = Release|Any CPU
		{F859DF8B-E1BA-4608-B65D-25A2BFFD446E}.Biodeep|Any CPU.ActiveCfg = Release|Any CPU
		{F859DF8B-E1BA-4608-B65D-25A2BFFD446E}.Biodeep|Any CPU.Build.0 = Release|Any CPU
		{F859DF8B-E1BA-4608-B65D-25A2BFFD446E}.Biodeep|x64.ActiveCfg = Release|Any CPU
		{F859DF8B-E1BA-4608-B65D-25A2BFFD446E}.Biodeep|x64.Build.0 = Release|Any CPU
		{F859DF8B-E1BA-4608-B65D-25A2BFFD446E}.Biodeep|x86.ActiveCfg = Release|Any CPU
		{F859DF8B-E1BA-4608-B65D-25A2BFFD446E}.Biodeep|x86.Build.0 = Release|Any CPU
		{F859DF8B-E1BA-4608-B65D-25A2BFFD446E}.Debug|Any CPU.ActiveCfg = Debug|Any CPU
		{F859DF8B-E1BA-4608-B65D-25A2BFFD446E}.Debug|Any CPU.Build.0 = Debug|Any CPU
		{F859DF8B-E1BA-4608-B65D-25A2BFFD446E}.Debug|x64.ActiveCfg = Debug|Any CPU
		{F859DF8B-E1BA-4608-B65D-25A2BFFD446E}.Debug|x64.Build.0 = Debug|Any CPU
		{F859DF8B-E1BA-4608-B65D-25A2BFFD446E}.Debug|x86.ActiveCfg = Debug|Any CPU
		{F859DF8B-E1BA-4608-B65D-25A2BFFD446E}.Debug|x86.Build.0 = Debug|Any CPU
		{F859DF8B-E1BA-4608-B65D-25A2BFFD446E}.DEMO|Any CPU.ActiveCfg = Debug|Any CPU
		{F859DF8B-E1BA-4608-B65D-25A2BFFD446E}.DEMO|Any CPU.Build.0 = Debug|Any CPU
		{F859DF8B-E1BA-4608-B65D-25A2BFFD446E}.DEMO|x64.ActiveCfg = Debug|Any CPU
		{F859DF8B-E1BA-4608-B65D-25A2BFFD446E}.DEMO|x64.Build.0 = Debug|Any CPU
		{F859DF8B-E1BA-4608-B65D-25A2BFFD446E}.DEMO|x86.ActiveCfg = Debug|Any CPU
		{F859DF8B-E1BA-4608-B65D-25A2BFFD446E}.DEMO|x86.Build.0 = Debug|Any CPU
		{F859DF8B-E1BA-4608-B65D-25A2BFFD446E}.docs|Any CPU.ActiveCfg = Debug|Any CPU
		{F859DF8B-E1BA-4608-B65D-25A2BFFD446E}.docs|Any CPU.Build.0 = Debug|Any CPU
		{F859DF8B-E1BA-4608-B65D-25A2BFFD446E}.docs|x64.ActiveCfg = Debug|Any CPU
		{F859DF8B-E1BA-4608-B65D-25A2BFFD446E}.docs|x64.Build.0 = Debug|Any CPU
		{F859DF8B-E1BA-4608-B65D-25A2BFFD446E}.docs|x86.ActiveCfg = Debug|Any CPU
		{F859DF8B-E1BA-4608-B65D-25A2BFFD446E}.docs|x86.Build.0 = Debug|Any CPU
		{F859DF8B-E1BA-4608-B65D-25A2BFFD446E}.GCModeller(Release_X64)|Any CPU.ActiveCfg = Release|Any CPU
		{F859DF8B-E1BA-4608-B65D-25A2BFFD446E}.GCModeller(Release_X64)|Any CPU.Build.0 = Release|Any CPU
		{F859DF8B-E1BA-4608-B65D-25A2BFFD446E}.GCModeller(Release_X64)|x64.ActiveCfg = Release|Any CPU
		{F859DF8B-E1BA-4608-B65D-25A2BFFD446E}.GCModeller(Release_X64)|x64.Build.0 = Release|Any CPU
		{F859DF8B-E1BA-4608-B65D-25A2BFFD446E}.GCModeller(Release_X64)|x86.ActiveCfg = Release|Any CPU
		{F859DF8B-E1BA-4608-B65D-25A2BFFD446E}.GCModeller(Release_X64)|x86.Build.0 = Release|Any CPU
		{F859DF8B-E1BA-4608-B65D-25A2BFFD446E}.installer_x64|Any CPU.ActiveCfg = Release|Any CPU
		{F859DF8B-E1BA-4608-B65D-25A2BFFD446E}.installer_x64|Any CPU.Build.0 = Release|Any CPU
		{F859DF8B-E1BA-4608-B65D-25A2BFFD446E}.installer_x64|x64.ActiveCfg = Release|Any CPU
		{F859DF8B-E1BA-4608-B65D-25A2BFFD446E}.installer_x64|x64.Build.0 = Release|Any CPU
		{F859DF8B-E1BA-4608-B65D-25A2BFFD446E}.installer_x64|x86.ActiveCfg = Release|Any CPU
		{F859DF8B-E1BA-4608-B65D-25A2BFFD446E}.installer_x64|x86.Build.0 = Release|Any CPU
		{F859DF8B-E1BA-4608-B65D-25A2BFFD446E}.Publish|Any CPU.ActiveCfg = Release|Any CPU
		{F859DF8B-E1BA-4608-B65D-25A2BFFD446E}.Publish|Any CPU.Build.0 = Release|Any CPU
		{F859DF8B-E1BA-4608-B65D-25A2BFFD446E}.Publish|x64.ActiveCfg = Release|Any CPU
		{F859DF8B-E1BA-4608-B65D-25A2BFFD446E}.Publish|x64.Build.0 = Release|Any CPU
		{F859DF8B-E1BA-4608-B65D-25A2BFFD446E}.Publish|x86.ActiveCfg = Release|Any CPU
		{F859DF8B-E1BA-4608-B65D-25A2BFFD446E}.Publish|x86.Build.0 = Release|Any CPU
		{F859DF8B-E1BA-4608-B65D-25A2BFFD446E}.Release|Any CPU.ActiveCfg = Release|Any CPU
		{F859DF8B-E1BA-4608-B65D-25A2BFFD446E}.Release|Any CPU.Build.0 = Release|Any CPU
		{F859DF8B-E1BA-4608-B65D-25A2BFFD446E}.Release|x64.ActiveCfg = Release|Any CPU
		{F859DF8B-E1BA-4608-B65D-25A2BFFD446E}.Release|x64.Build.0 = Release|Any CPU
		{F859DF8B-E1BA-4608-B65D-25A2BFFD446E}.Release|x86.ActiveCfg = Release|Any CPU
		{F859DF8B-E1BA-4608-B65D-25A2BFFD446E}.Release|x86.Build.0 = Release|Any CPU
		{F859DF8B-E1BA-4608-B65D-25A2BFFD446E}.Release2|Any CPU.ActiveCfg = Release|Any CPU
		{F859DF8B-E1BA-4608-B65D-25A2BFFD446E}.Release2|Any CPU.Build.0 = Release|Any CPU
		{F859DF8B-E1BA-4608-B65D-25A2BFFD446E}.Release2|x64.ActiveCfg = Release|Any CPU
		{F859DF8B-E1BA-4608-B65D-25A2BFFD446E}.Release2|x64.Build.0 = Release|Any CPU
		{F859DF8B-E1BA-4608-B65D-25A2BFFD446E}.Release2|x86.ActiveCfg = Release|Any CPU
		{F859DF8B-E1BA-4608-B65D-25A2BFFD446E}.Release2|x86.Build.0 = Release|Any CPU
	EndGlobalSection
	GlobalSection(SolutionProperties) = preSolution
		HideSolutionNode = FALSE
	EndGlobalSection
	GlobalSection(NestedProjects) = preSolution
		{FECCE1FD-E1D4-49E3-A668-60BB5E7AED99} = {1E2150B3-786A-4AB1-9996-98B1ABEDEE6D}
		{E3367B88-5D0C-495A-8273-331656D4B5AA} = {1E2150B3-786A-4AB1-9996-98B1ABEDEE6D}
		{2DD4BE80-DDC3-4767-94A7-10F1C3395716} = {1E2150B3-786A-4AB1-9996-98B1ABEDEE6D}
		{85E71B4B-9276-4EC8-AADC-C849205F1EA8} = {1E2150B3-786A-4AB1-9996-98B1ABEDEE6D}
		{1E2150B3-786A-4AB1-9996-98B1ABEDEE6D} = {DD31D6FD-47DE-4900-B29D-D7C1AFBA1DCE}
		{203BC68F-A0CD-443A-AB62-4AF4110F752F} = {1E2150B3-786A-4AB1-9996-98B1ABEDEE6D}
		{076315EE-B598-40DC-9280-C71CDF9B6A48} = {1E2150B3-786A-4AB1-9996-98B1ABEDEE6D}
		{7283C179-F852-4EAD-8D8F-B82EF2CBD7DB} = {1E2150B3-786A-4AB1-9996-98B1ABEDEE6D}
	EndGlobalSection
	GlobalSection(ExtensibilityGlobals) = postSolution
		SolutionGuid = {BC01B26A-1AA1-4748-9113-2084EC16F342}
	EndGlobalSection
EndGlobal
